// !$*UTF8*$!
{
	archiveVersion = 1;
	classes = {
	};
	objectVersion = 50;
	objects = {

/* Begin PBXBuildFile section */
		46F23F2A23C061710008299C /* AppDelegate.swift in Sources */ = {isa = PBXBuildFile; fileRef = 46F23F2923C061710008299C /* AppDelegate.swift */; };
		46F23F2C23C061710008299C /* SceneDelegate.swift in Sources */ = {isa = PBXBuildFile; fileRef = 46F23F2B23C061710008299C /* SceneDelegate.swift */; };
		46F23F2E23C061710008299C /* ViewController.swift in Sources */ = {isa = PBXBuildFile; fileRef = 46F23F2D23C061710008299C /* ViewController.swift */; };
		46F23F3123C061710008299C /* Main.storyboard in Resources */ = {isa = PBXBuildFile; fileRef = 46F23F2F23C061710008299C /* Main.storyboard */; };
		46F23F3423C061710008299C /* RateApp.xcdatamodeld in Sources */ = {isa = PBXBuildFile; fileRef = 46F23F3223C061710008299C /* RateApp.xcdatamodeld */; };
		46F23F3623C061720008299C /* Assets.xcassets in Resources */ = {isa = PBXBuildFile; fileRef = 46F23F3523C061720008299C /* Assets.xcassets */; };
		46F23F3923C061720008299C /* LaunchScreen.storyboard in Resources */ = {isa = PBXBuildFile; fileRef = 46F23F3723C061720008299C /* LaunchScreen.storyboard */; };
/* End PBXBuildFile section */

/* Begin PBXFileReference section */
		46F23F2623C061710008299C /* RateApp.app */ = {isa = PBXFileReference; explicitFileType = wrapper.application; includeInIndex = 0; path = RateApp.app; sourceTree = BUILT_PRODUCTS_DIR; };
		46F23F2923C061710008299C /* AppDelegate.swift */ = {isa = PBXFileReference; lastKnownFileType = sourcecode.swift; path = AppDelegate.swift; sourceTree = "<group>"; };
		46F23F2B23C061710008299C /* SceneDelegate.swift */ = {isa = PBXFileReference; lastKnownFileType = sourcecode.swift; path = SceneDelegate.swift; sourceTree = "<group>"; };
		46F23F2D23C061710008299C /* ViewController.swift */ = {isa = PBXFileReference; lastKnownFileType = sourcecode.swift; path = ViewController.swift; sourceTree = "<group>"; };
		46F23F3023C061710008299C /* Base */ = {isa = PBXFileReference; lastKnownFileType = file.storyboard; name = Base; path = Base.lproj/Main.storyboard; sourceTree = "<group>"; };
		46F23F3323C061710008299C /* RateApp.xcdatamodel */ = {isa = PBXFileReference; lastKnownFileType = wrapper.xcdatamodel; path = RateApp.xcdatamodel; sourceTree = "<group>"; };
		46F23F3523C061720008299C /* Assets.xcassets */ = {isa = PBXFileReference; lastKnownFileType = folder.assetcatalog; path = Assets.xcassets; sourceTree = "<group>"; };
		46F23F3823C061720008299C /* Base */ = {isa = PBXFileReference; lastKnownFileType = file.storyboard; name = Base; path = Base.lproj/LaunchScreen.storyboard; sourceTree = "<group>"; };
		46F23F3A23C061720008299C /* Info.plist */ = {isa = PBXFileReference; lastKnownFileType = text.plist.xml; path = Info.plist; sourceTree = "<group>"; };
/* End PBXFileReference section */

/* Begin PBXFrameworksBuildPhase section */
		46F23F2323C061710008299C /* Frameworks */ = {
			isa = PBXFrameworksBuildPhase;
			buildActionMask = 2147483647;
			files = (
			);
			runOnlyForDeploymentPostprocessing = 0;
		};
/* End PBXFrameworksBuildPhase section */

/* Begin PBXGroup section */
		46F23F1D23C061710008299C = {
			isa = PBXGroup;
			children = (
				46F23F2823C061710008299C /* RateApp */,
				46F23F2723C061710008299C /* Products */,
			);
			sourceTree = "<group>";
		};
		46F23F2723C061710008299C /* Products */ = {
			isa = PBXGroup;
			children = (
				46F23F2623C061710008299C /* RateApp.app */,
			);
			name = Products;
			sourceTree = "<group>";
		};
		46F23F2823C061710008299C /* RateApp */ = {
			isa = PBXGroup;
			children = (
				46F23F2923C061710008299C /* AppDelegate.swift */,
				46F23F2B23C061710008299C /* SceneDelegate.swift */,
				46F23F2D23C061710008299C /* ViewController.swift */,
				46F23F2F23C061710008299C /* Main.storyboard */,
				46F23F3523C061720008299C /* Assets.xcassets */,
				46F23F3723C061720008299C /* LaunchScreen.storyboard */,
				46F23F3A23C061720008299C /* Info.plist */,
				46F23F3223C061710008299C /* RateApp.xcdatamodeld */,
			);
			path = RateApp;
			sourceTree = "<group>";
		};
/* End PBXGroup section */

/* Begin PBXNativeTarget section */
		46F23F2523C061710008299C /* RateApp */ = {
			isa = PBXNativeTarget;
			buildConfigurationList = 46F23F3D23C061720008299C /* Build configuration list for PBXNativeTarget "RateApp" */;
			buildPhases = (
				46F23F2223C061710008299C /* Sources */,
				46F23F2323C061710008299C /* Frameworks */,
				46F23F2423C061710008299C /* Resources */,
			);
			buildRules = (
			);
			dependencies = (
			);
			name = RateApp;
			productName = RateApp;
			productReference = 46F23F2623C061710008299C /* RateApp.app */;
			productType = "com.apple.product-type.application";
		};
/* End PBXNativeTarget section */

/* Begin PBXProject section */
		46F23F1E23C061710008299C /* Project object */ = {
			isa = PBXProject;
			attributes = {
				LastSwiftUpdateCheck = 1120;
				LastUpgradeCheck = 1120;
				ORGANIZATIONNAME = Demo;
				TargetAttributes = {
					46F23F2523C061710008299C = {
						CreatedOnToolsVersion = 11.2;
					};
				};
			};
			buildConfigurationList = 46F23F2123C061710008299C /* Build configuration list for PBXProject "RateApp" */;
			compatibilityVersion = "Xcode 9.3";
			developmentRegion = en;
			hasScannedForEncodings = 0;
			knownRegions = (
				en,
				Base,
			);
			mainGroup = 46F23F1D23C061710008299C;
			productRefGroup = 46F23F2723C061710008299C /* Products */;
			projectDirPath = "";
			projectRoot = "";
			targets = (
				46F23F2523C061710008299C /* RateApp */,
			);
		};
/* End PBXProject section */

/* Begin PBXResourcesBuildPhase section */
		46F23F2423C061710008299C /* Resources */ = {
			isa = PBXResourcesBuildPhase;
			buildActionMask = 2147483647;
			files = (
				46F23F3923C061720008299C /* LaunchScreen.storyboard in Resources */,
				46F23F3623C061720008299C /* Assets.xcassets in Resources */,
				46F23F3123C061710008299C /* Main.storyboard in Resources */,
			);
			runOnlyForDeploymentPostprocessing = 0;
		};
/* End PBXResourcesBuildPhase section */

/* Begin PBXSourcesBuildPhase section */
		46F23F2223C061710008299C /* Sources */ = {
			isa = PBXSourcesBuildPhase;
			buildActionMask = 2147483647;
			files = (
				46F23F2E23C061710008299C /* ViewController.swift in Sources */,
				46F23F3423C061710008299C /* RateApp.xcdatamodeld in Sources */,
				46F23F2A23C061710008299C /* AppDelegate.swift in Sources */,
				46F23F2C23C061710008299C /* SceneDelegate.swift in Sources */,
			);
			runOnlyForDeploymentPostprocessing = 0;
		};
/* End PBXSourcesBuildPhase section */

/* Begin PBXVariantGroup section */
		46F23F2F23C061710008299C /* Main.storyboard */ = {
			isa = PBXVariantGroup;
			children = (
				46F23F3023C061710008299C /* Base */,
			);
			name = Main.storyboard;
			sourceTree = "<group>";
		};
		46F23F3723C061720008299C /* LaunchScreen.storyboard */ = {
			isa = PBXVariantGroup;
			children = (
				46F23F3823C061720008299C /* Base */,
			);
			name = LaunchScreen.storyboard;
			sourceTree = "<group>";
		};
/* End PBXVariantGroup section */

/* Begin XCBuildConfiguration section */
		46F23F3B23C061720008299C /* Debug */ = {
			isa = XCBuildConfiguration;
			buildSettings = {
				ALWAYS_SEARCH_USER_PATHS = NO;
				CLANG_ANALYZER_NONNULL = YES;
				CLANG_ANALYZER_NUMBER_OBJECT_CONVERSION = YES_AGGRESSIVE;
				CLANG_CXX_LANGUAGE_STANDARD = "gnu++14";
				CLANG_CXX_LIBRARY = "libc++";
				CLANG_ENABLE_MODULES = YES;
				CLANG_ENABLE_OBJC_ARC = YES;
				CLANG_ENABLE_OBJC_WEAK = YES;
				CLANG_WARN_BLOCK_CAPTURE_AUTORELEASING = YES;
				CLANG_WARN_BOOL_CONVERSION = YES;
				CLANG_WARN_COMMA = YES;
				CLANG_WARN_CONSTANT_CONVERSION = YES;
				CLANG_WARN_DEPRECATED_OBJC_IMPLEMENTATIONS = YES;
				CLANG_WARN_DIRECT_OBJC_ISA_USAGE = YES_ERROR;
				CLANG_WARN_DOCUMENTATION_COMMENTS = YES;
				CLANG_WARN_EMPTY_BODY = YES;
				CLANG_WARN_ENUM_CONVERSION = YES;
				CLANG_WARN_INFINITE_RECURSION = YES;
				CLANG_WARN_INT_CONVERSION = YES;
				CLANG_WARN_NON_LITERAL_NULL_CONVERSION = YES;
				CLANG_WARN_OBJC_IMPLICIT_RETAIN_SELF = YES;
				CLANG_WARN_OBJC_LITERAL_CONVERSION = YES;
				CLANG_WARN_OBJC_ROOT_CLASS = YES_ERROR;
				CLANG_WARN_RANGE_LOOP_ANALYSIS = YES;
				CLANG_WARN_STRICT_PROTOTYPES = YES;
				CLANG_WARN_SUSPICIOUS_MOVE = YES;
				CLANG_WARN_UNGUARDED_AVAILABILITY = YES_AGGRESSIVE;
				CLANG_WARN_UNREACHABLE_CODE = YES;
				CLANG_WARN__DUPLICATE_METHOD_MATCH = YES;
				COPY_PHASE_STRIP = NO;
				DEBUG_INFORMATION_FORMAT = dwarf;
				ENABLE_STRICT_OBJC_MSGSEND = YES;
				ENABLE_TESTABILITY = YES;
				GCC_C_LANGUAGE_STANDARD = gnu11;
				GCC_DYNAMIC_NO_PIC = NO;
				GCC_NO_COMMON_BLOCKS = YES;
				GCC_OPTIMIZATION_LEVEL = 0;
				GCC_PREPROCESSOR_DEFINITIONS = (
					"DEBUG=1",
					"$(inherited)",
				);
				GCC_WARN_64_TO_32_BIT_CONVERSION = YES;
				GCC_WARN_ABOUT_RETURN_TYPE = YES_ERROR;
				GCC_WARN_UNDECLARED_SELECTOR = YES;
				GCC_WARN_UNINITIALIZED_AUTOS = YES_AGGRESSIVE;
				GCC_WARN_UNUSED_FUNCTION = YES;
				GCC_WARN_UNUSED_VARIABLE = YES;
				IPHONEOS_DEPLOYMENT_TARGET = 13.2;
				MTL_ENABLE_DEBUG_INFO = INCLUDE_SOURCE;
				MTL_FAST_MATH = YES;
				ONLY_ACTIVE_ARCH = YES;
				SDKROOT = iphoneos;
				SWIFT_ACTIVE_COMPILATION_CONDITIONS = DEBUG;
				SWIFT_OPTIMIZATION_LEVEL = "-Onone";
			};
			name = Debug;
		};
		46F23F3C23C061720008299C /* Release */ = {
			isa = XCBuildConfiguration;
			buildSettings = {
				ALWAYS_SEARCH_USER_PATHS = NO;
				CLANG_ANALYZER_NONNULL = YES;
				CLANG_ANALYZER_NUMBER_OBJECT_CONVERSION = YES_AGGRESSIVE;
				CLANG_CXX_LANGUAGE_STANDARD = "gnu++14";
				CLANG_CXX_LIBRARY = "libc++";
				CLANG_ENABLE_MODULES = YES;
				CLANG_ENABLE_OBJC_ARC = YES;
				CLANG_ENABLE_OBJC_WEAK = YES;
				CLANG_WARN_BLOCK_CAPTURE_AUTORELEASING = YES;
				CLANG_WARN_BOOL_CONVERSION = YES;
				CLANG_WARN_COMMA = YES;
				CLANG_WARN_CONSTANT_CONVERSION = YES;
				CLANG_WARN_DEPRECATED_OBJC_IMPLEMENTATIONS = YES;
				CLANG_WARN_DIRECT_OBJC_ISA_USAGE = YES_ERROR;
				CLANG_WARN_DOCUMENTATION_COMMENTS = YES;
				CLANG_WARN_EMPTY_BODY = YES;
				CLANG_WARN_ENUM_CONVERSION = YES;
				CLANG_WARN_INFINITE_RECURSION = YES;
				CLANG_WARN_INT_CONVERSION = YES;
				CLANG_WARN_NON_LITERAL_NULL_CONVERSION = YES;
				CLANG_WARN_OBJC_IMPLICIT_RETAIN_SELF = YES;
				CLANG_WARN_OBJC_LITERAL_CONVERSION = YES;
				CLANG_WARN_OBJC_ROOT_CLASS = YES_ERROR;
				CLANG_WARN_RANGE_LOOP_ANALYSIS = YES;
				CLANG_WARN_STRICT_PROTOTYPES = YES;
				CLANG_WARN_SUSPICIOUS_MOVE = YES;
				CLANG_WARN_UNGUARDED_AVAILABILITY = YES_AGGRESSIVE;
				CLANG_WARN_UNREACHABLE_CODE = YES;
				CLANG_WARN__DUPLICATE_METHOD_MATCH = YES;
				COPY_PHASE_STRIP = NO;
				DEBUG_INFORMATION_FORMAT = "dwarf-with-dsym";
				ENABLE_NS_ASSERTIONS = NO;
				ENABLE_STRICT_OBJC_MSGSEND = YES;
				GCC_C_LANGUAGE_STANDARD = gnu11;
				GCC_NO_COMMON_BLOCKS = YES;
				GCC_WARN_64_TO_32_BIT_CONVERSION = YES;
				GCC_WARN_ABOUT_RETURN_TYPE = YES_ERROR;
				GCC_WARN_UNDECLARED_SELECTOR = YES;
				GCC_WARN_UNINITIALIZED_AUTOS = YES_AGGRESSIVE;
				GCC_WARN_UNUSED_FUNCTION = YES;
				GCC_WARN_UNUSED_VARIABLE = YES;
				IPHONEOS_DEPLOYMENT_TARGET = 13.2;
				MTL_ENABLE_DEBUG_INFO = NO;
				MTL_FAST_MATH = YES;
				SDKROOT = iphoneos;
				SWIFT_COMPILATION_MODE = wholemodule;
				SWIFT_OPTIMIZATION_LEVEL = "-O";
				VALIDATE_PRODUCT = YES;
			};
			name = Release;
		};
		46F23F3E23C061720008299C /* Debug */ = {
			isa = XCBuildConfiguration;
			buildSettings = {
				ASSETCATALOG_COMPILER_APPICON_NAME = AppIcon;
				CODE_SIGN_STYLE = Automatic;
				INFOPLIST_FILE = RateApp/Info.plist;
				LD_RUNPATH_SEARCH_PATHS = (
					"$(inherited)",
					"@executable_path/Frameworks",
				);
				PRODUCT_BUNDLE_IDENTIFIER = SumitMishra.RateApp;
				PRODUCT_NAME = "$(TARGET_NAME)";
				SWIFT_VERSION = 5.0;
				TARGETED_DEVICE_FAMILY = "1,2";
			};
			name = Debug;
		};
		46F23F3F23C061720008299C /* Release */ = {
			isa = XCBuildConfiguration;
			buildSettings = {
				ASSETCATALOG_COMPILER_APPICON_NAME = AppIcon;
				CODE_SIGN_STYLE = Automatic;
				INFOPLIST_FILE = RateApp/Info.plist;
				LD_RUNPATH_SEARCH_PATHS = (
					"$(inherited)",
					"@executable_path/Frameworks",
				);
				PRODUCT_BUNDLE_IDENTIFIER = SumitMishra.RateApp;
				PRODUCT_NAME = "$(TARGET_NAME)";
				SWIFT_VERSION = 5.0;
				TARGETED_DEVICE_FAMILY = "1,2";
			};
			name = Release;
		};
/* End XCBuildConfiguration section */

/* Begin XCConfigurationList section */
		46F23F2123C061710008299C /* Build configuration list for PBXProject "RateApp" */ = {
			isa = XCConfigurationList;
			buildConfigurations = (
				46F23F3B23C061720008299C /* Debug */,
				46F23F3C23C061720008299C /* Release */,
			);
			defaultConfigurationIsVisible = 0;
			defaultConfigurationName = Release;
		};
		46F23F3D23C061720008299C /* Build configuration list for PBXNativeTarget "RateApp" */ = {
			isa = XCConfigurationList;
			buildConfigurations = (
				46F23F3E23C061720008299C /* Debug */,
				46F23F3F23C061720008299C /* Release */,
			);
			defaultConfigurationIsVisible = 0;
			defaultConfigurationName = Release;
		};
/* End XCConfigurationList section */

/* Begin XCVersionGroup section */
		46F23F3223C061710008299C /* RateApp.xcdatamodeld */ = {
			isa = XCVersionGroup;
			children = (
				46F23F3323C061710008299C /* RateApp.xcdatamodel */,
			);
			currentVersion = 46F23F3323C061710008299C /* RateApp.xcdatamodel */;
			path = RateApp.xcdatamodeld;
			sourceTree = "<group>";
			versionGroupType = wrapper.xcdatamodel;
		};
/* End XCVersionGroup section */
	};
	rootObject = 46F23F1E23C061710008299C /* Project object */;
}
